// !$*UTF8*$!
{
	archiveVersion = 1;
	classes = {
	};
	objectVersion = 46;
	objects = {

/* Begin PBXBuildFile section */
		1D7BFEF21FD45CD6004AD929 /* AppDelegate.swift in Sources */ = {isa = PBXBuildFile; fileRef = 1D7BFEF11FD45CD6004AD929 /* AppDelegate.swift */; };
		1D7BFEF41FD45CD6004AD929 /* ViewController.swift in Sources */ = {isa = PBXBuildFile; fileRef = 1D7BFEF31FD45CD6004AD929 /* ViewController.swift */; };
		1D7BFEF71FD45CD6004AD929 /* Main.storyboard in Resources */ = {isa = PBXBuildFile; fileRef = 1D7BFEF51FD45CD6004AD929 /* Main.storyboard */; };
		1D7BFEF91FD45CD6004AD929 /* Assets.xcassets in Resources */ = {isa = PBXBuildFile; fileRef = 1D7BFEF81FD45CD6004AD929 /* Assets.xcassets */; };
		1D7BFEFC1FD45CD6004AD929 /* LaunchScreen.storyboard in Resources */ = {isa = PBXBuildFile; fileRef = 1D7BFEFA1FD45CD6004AD929 /* LaunchScreen.storyboard */; };
		1D7BFF071FD45CD6004AD929 /* Swift_CompanionTests.swift in Sources */ = {isa = PBXBuildFile; fileRef = 1D7BFF061FD45CD6004AD929 /* Swift_CompanionTests.swift */; };
		1D7BFF121FD45CD6004AD929 /* Swift_CompanionUITests.swift in Sources */ = {isa = PBXBuildFile; fileRef = 1D7BFF111FD45CD6004AD929 /* Swift_CompanionUITests.swift */; };
/* End PBXBuildFile section */

/* Begin PBXContainerItemProxy section */
		1D7BFF031FD45CD6004AD929 /* PBXContainerItemProxy */ = {
			isa = PBXContainerItemProxy;
			containerPortal = 1D7BFEE61FD45CD5004AD929 /* Project object */;
			proxyType = 1;
			remoteGlobalIDString = 1D7BFEED1FD45CD5004AD929;
			remoteInfo = Swift_Companion;
		};
		1D7BFF0E1FD45CD6004AD929 /* PBXContainerItemProxy */ = {
			isa = PBXContainerItemProxy;
			containerPortal = 1D7BFEE61FD45CD5004AD929 /* Project object */;
			proxyType = 1;
			remoteGlobalIDString = 1D7BFEED1FD45CD5004AD929;
			remoteInfo = Swift_Companion;
		};
/* End PBXContainerItemProxy section */

/* Begin PBXFileReference section */
		1D7BFEEE1FD45CD6004AD929 /* Swift_Companion.app */ = {isa = PBXFileReference; explicitFileType = wrapper.application; includeInIndex = 0; path = Swift_Companion.app; sourceTree = BUILT_PRODUCTS_DIR; };
		1D7BFEF11FD45CD6004AD929 /* AppDelegate.swift */ = {isa = PBXFileReference; lastKnownFileType = sourcecode.swift; path = AppDelegate.swift; sourceTree = "<group>"; };
		1D7BFEF31FD45CD6004AD929 /* ViewController.swift */ = {isa = PBXFileReference; lastKnownFileType = sourcecode.swift; path = ViewController.swift; sourceTree = "<group>"; };
		1D7BFEF61FD45CD6004AD929 /* Base */ = {isa = PBXFileReference; lastKnownFileType = file.storyboard; name = Base; path = Base.lproj/Main.storyboard; sourceTree = "<group>"; };
		1D7BFEF81FD45CD6004AD929 /* Assets.xcassets */ = {isa = PBXFileReference; lastKnownFileType = folder.assetcatalog; path = Assets.xcassets; sourceTree = "<group>"; };
		1D7BFEFB1FD45CD6004AD929 /* Base */ = {isa = PBXFileReference; lastKnownFileType = file.storyboard; name = Base; path = Base.lproj/LaunchScreen.storyboard; sourceTree = "<group>"; };
		1D7BFEFD1FD45CD6004AD929 /* Info.plist */ = {isa = PBXFileReference; lastKnownFileType = text.plist.xml; path = Info.plist; sourceTree = "<group>"; };
		1D7BFF021FD45CD6004AD929 /* Swift_CompanionTests.xctest */ = {isa = PBXFileReference; explicitFileType = wrapper.cfbundle; includeInIndex = 0; path = Swift_CompanionTests.xctest; sourceTree = BUILT_PRODUCTS_DIR; };
		1D7BFF061FD45CD6004AD929 /* Swift_CompanionTests.swift */ = {isa = PBXFileReference; lastKnownFileType = sourcecode.swift; path = Swift_CompanionTests.swift; sourceTree = "<group>"; };
		1D7BFF081FD45CD6004AD929 /* Info.plist */ = {isa = PBXFileReference; lastKnownFileType = text.plist.xml; path = Info.plist; sourceTree = "<group>"; };
		1D7BFF0D1FD45CD6004AD929 /* Swift_CompanionUITests.xctest */ = {isa = PBXFileReference; explicitFileType = wrapper.cfbundle; includeInIndex = 0; path = Swift_CompanionUITests.xctest; sourceTree = BUILT_PRODUCTS_DIR; };
		1D7BFF111FD45CD6004AD929 /* Swift_CompanionUITests.swift */ = {isa = PBXFileReference; lastKnownFileType = sourcecode.swift; path = Swift_CompanionUITests.swift; sourceTree = "<group>"; };
		1D7BFF131FD45CD6004AD929 /* Info.plist */ = {isa = PBXFileReference; lastKnownFileType = text.plist.xml; path = Info.plist; sourceTree = "<group>"; };
/* End PBXFileReference section */

/* Begin PBXFrameworksBuildPhase section */
		1D7BFEEB1FD45CD5004AD929 /* Frameworks */ = {
			isa = PBXFrameworksBuildPhase;
			buildActionMask = 2147483647;
			files = (
			);
			runOnlyForDeploymentPostprocessing = 0;
		};
		1D7BFEFF1FD45CD6004AD929 /* Frameworks */ = {
			isa = PBXFrameworksBuildPhase;
			buildActionMask = 2147483647;
			files = (
			);
			runOnlyForDeploymentPostprocessing = 0;
		};
		1D7BFF0A1FD45CD6004AD929 /* Frameworks */ = {
			isa = PBXFrameworksBuildPhase;
			buildActionMask = 2147483647;
			files = (
			);
			runOnlyForDeploymentPostprocessing = 0;
		};
/* End PBXFrameworksBuildPhase section */

/* Begin PBXGroup section */
		1D7BFEE51FD45CD5004AD929 = {
			isa = PBXGroup;
			children = (
				1D7BFEF01FD45CD6004AD929 /* Swift_Companion */,
				1D7BFF051FD45CD6004AD929 /* Swift_CompanionTests */,
				1D7BFF101FD45CD6004AD929 /* Swift_CompanionUITests */,
				1D7BFEEF1FD45CD6004AD929 /* Products */,
			);
			sourceTree = "<group>";
		};
		1D7BFEEF1FD45CD6004AD929 /* Products */ = {
			isa = PBXGroup;
			children = (
				1D7BFEEE1FD45CD6004AD929 /* Swift_Companion.app */,
				1D7BFF021FD45CD6004AD929 /* Swift_CompanionTests.xctest */,
				1D7BFF0D1FD45CD6004AD929 /* Swift_CompanionUITests.xctest */,
			);
			name = Products;
			sourceTree = "<group>";
		};
		1D7BFEF01FD45CD6004AD929 /* Swift_Companion */ = {
			isa = PBXGroup;
			children = (
				1D7BFEF11FD45CD6004AD929 /* AppDelegate.swift */,
				1D7BFEF31FD45CD6004AD929 /* ViewController.swift */,
				1D7BFEF51FD45CD6004AD929 /* Main.storyboard */,
				1D7BFEF81FD45CD6004AD929 /* Assets.xcassets */,
				1D7BFEFA1FD45CD6004AD929 /* LaunchScreen.storyboard */,
				1D7BFEFD1FD45CD6004AD929 /* Info.plist */,
			);
			path = Swift_Companion;
			sourceTree = "<group>";
		};
		1D7BFF051FD45CD6004AD929 /* Swift_CompanionTests */ = {
			isa = PBXGroup;
			children = (
				1D7BFF061FD45CD6004AD929 /* Swift_CompanionTests.swift */,
				1D7BFF081FD45CD6004AD929 /* Info.plist */,
			);
			path = Swift_CompanionTests;
			sourceTree = "<group>";
		};
		1D7BFF101FD45CD6004AD929 /* Swift_CompanionUITests */ = {
			isa = PBXGroup;
			children = (
				1D7BFF111FD45CD6004AD929 /* Swift_CompanionUITests.swift */,
				1D7BFF131FD45CD6004AD929 /* Info.plist */,
			);
			path = Swift_CompanionUITests;
			sourceTree = "<group>";
		};
/* End PBXGroup section */

/* Begin PBXNativeTarget section */
		1D7BFEED1FD45CD5004AD929 /* Swift_Companion */ = {
			isa = PBXNativeTarget;
			buildConfigurationList = 1D7BFF161FD45CD6004AD929 /* Build configuration list for PBXNativeTarget "Swift_Companion" */;
			buildPhases = (
				1D7BFEEA1FD45CD5004AD929 /* Sources */,
				1D7BFEEB1FD45CD5004AD929 /* Frameworks */,
				1D7BFEEC1FD45CD5004AD929 /* Resources */,
			);
			buildRules = (
			);
			dependencies = (
			);
			name = Swift_Companion;
			productName = Swift_Companion;
			productReference = 1D7BFEEE1FD45CD6004AD929 /* Swift_Companion.app */;
			productType = "com.apple.product-type.application";
		};
		1D7BFF011FD45CD6004AD929 /* Swift_CompanionTests */ = {
			isa = PBXNativeTarget;
			buildConfigurationList = 1D7BFF191FD45CD6004AD929 /* Build configuration list for PBXNativeTarget "Swift_CompanionTests" */;
			buildPhases = (
				1D7BFEFE1FD45CD6004AD929 /* Sources */,
				1D7BFEFF1FD45CD6004AD929 /* Frameworks */,
				1D7BFF001FD45CD6004AD929 /* Resources */,
			);
			buildRules = (
			);
			dependencies = (
				1D7BFF041FD45CD6004AD929 /* PBXTargetDependency */,
			);
			name = Swift_CompanionTests;
			productName = Swift_CompanionTests;
			productReference = 1D7BFF021FD45CD6004AD929 /* Swift_CompanionTests.xctest */;
			productType = "com.apple.product-type.bundle.unit-test";
		};
		1D7BFF0C1FD45CD6004AD929 /* Swift_CompanionUITests */ = {
			isa = PBXNativeTarget;
			buildConfigurationList = 1D7BFF1C1FD45CD6004AD929 /* Build configuration list for PBXNativeTarget "Swift_CompanionUITests" */;
			buildPhases = (
				1D7BFF091FD45CD6004AD929 /* Sources */,
				1D7BFF0A1FD45CD6004AD929 /* Frameworks */,
				1D7BFF0B1FD45CD6004AD929 /* Resources */,
			);
			buildRules = (
			);
			dependencies = (
				1D7BFF0F1FD45CD6004AD929 /* PBXTargetDependency */,
			);
			name = Swift_CompanionUITests;
			productName = Swift_CompanionUITests;
			productReference = 1D7BFF0D1FD45CD6004AD929 /* Swift_CompanionUITests.xctest */;
			productType = "com.apple.product-type.bundle.ui-testing";
		};
/* End PBXNativeTarget section */

/* Begin PBXProject section */
		1D7BFEE61FD45CD5004AD929 /* Project object */ = {
			isa = PBXProject;
			attributes = {
				LastSwiftUpdateCheck = 0820;
				LastUpgradeCheck = 0820;
				ORGANIZATIONNAME = "Vitalii Poltavets";
				TargetAttributes = {
					1D7BFEED1FD45CD5004AD929 = {
						CreatedOnToolsVersion = 8.2.1;
						ProvisioningStyle = Automatic;
					};
					1D7BFF011FD45CD6004AD929 = {
						CreatedOnToolsVersion = 8.2.1;
						ProvisioningStyle = Automatic;
						TestTargetID = 1D7BFEED1FD45CD5004AD929;
					};
					1D7BFF0C1FD45CD6004AD929 = {
						CreatedOnToolsVersion = 8.2.1;
						ProvisioningStyle = Automatic;
						TestTargetID = 1D7BFEED1FD45CD5004AD929;
					};
				};
			};
			buildConfigurationList = 1D7BFEE91FD45CD5004AD929 /* Build configuration list for PBXProject "Swift_Companion" */;
			compatibilityVersion = "Xcode 3.2";
			developmentRegion = English;
			hasScannedForEncodings = 0;
			knownRegions = (
				en,
				Base,
			);
			mainGroup = 1D7BFEE51FD45CD5004AD929;
			productRefGroup = 1D7BFEEF1FD45CD6004AD929 /* Products */;
			projectDirPath = "";
			projectRoot = "";
			targets = (
				1D7BFEED1FD45CD5004AD929 /* Swift_Companion */,
				1D7BFF011FD45CD6004AD929 /* Swift_CompanionTests */,
				1D7BFF0C1FD45CD6004AD929 /* Swift_CompanionUITests */,
			);
		};
/* End PBXProject section */

/* Begin PBXResourcesBuildPhase section */
		1D7BFEEC1FD45CD5004AD929 /* Resources */ = {
			isa = PBXResourcesBuildPhase;
			buildActionMask = 2147483647;
			files = (
				1D7BFEFC1FD45CD6004AD929 /* LaunchScreen.storyboard in Resources */,
				1D7BFEF91FD45CD6004AD929 /* Assets.xcassets in Resources */,
				1D7BFEF71FD45CD6004AD929 /* Main.storyboard in Resources */,
			);
			runOnlyForDeploymentPostprocessing = 0;
		};
		1D7BFF001FD45CD6004AD929 /* Resources */ = {
			isa = PBXResourcesBuildPhase;
			buildActionMask = 2147483647;
			files = (
			);
			runOnlyForDeploymentPostprocessing = 0;
		};
		1D7BFF0B1FD45CD6004AD929 /* Resources */ = {
			isa = PBXResourcesBuildPhase;
			buildActionMask = 2147483647;
			files = (
			);
			runOnlyForDeploymentPostprocessing = 0;
		};
/* End PBXResourcesBuildPhase section */

/* Begin PBXSourcesBuildPhase section */
		1D7BFEEA1FD45CD5004AD929 /* Sources */ = {
			isa = PBXSourcesBuildPhase;
			buildActionMask = 2147483647;
			files = (
				1D7BFEF41FD45CD6004AD929 /* ViewController.swift in Sources */,
				1D7BFEF21FD45CD6004AD929 /* AppDelegate.swift in Sources */,
			);
			runOnlyForDeploymentPostprocessing = 0;
		};
		1D7BFEFE1FD45CD6004AD929 /* Sources */ = {
			isa = PBXSourcesBuildPhase;
			buildActionMask = 2147483647;
			files = (
				1D7BFF071FD45CD6004AD929 /* Swift_CompanionTests.swift in Sources */,
			);
			runOnlyForDeploymentPostprocessing = 0;
		};
		1D7BFF091FD45CD6004AD929 /* Sources */ = {
			isa = PBXSourcesBuildPhase;
			buildActionMask = 2147483647;
			files = (
				1D7BFF121FD45CD6004AD929 /* Swift_CompanionUITests.swift in Sources */,
			);
			runOnlyForDeploymentPostprocessing = 0;
		};
/* End PBXSourcesBuildPhase section */

/* Begin PBXTargetDependency section */
		1D7BFF041FD45CD6004AD929 /* PBXTargetDependency */ = {
			isa = PBXTargetDependency;
			target = 1D7BFEED1FD45CD5004AD929 /* Swift_Companion */;
			targetProxy = 1D7BFF031FD45CD6004AD929 /* PBXContainerItemProxy */;
		};
		1D7BFF0F1FD45CD6004AD929 /* PBXTargetDependency */ = {
			isa = PBXTargetDependency;
			target = 1D7BFEED1FD45CD5004AD929 /* Swift_Companion */;
			targetProxy = 1D7BFF0E1FD45CD6004AD929 /* PBXContainerItemProxy */;
		};
/* End PBXTargetDependency section */

/* Begin PBXVariantGroup section */
		1D7BFEF51FD45CD6004AD929 /* Main.storyboard */ = {
			isa = PBXVariantGroup;
			children = (
				1D7BFEF61FD45CD6004AD929 /* Base */,
			);
			name = Main.storyboard;
			sourceTree = "<group>";
		};
		1D7BFEFA1FD45CD6004AD929 /* LaunchScreen.storyboard */ = {
			isa = PBXVariantGroup;
			children = (
				1D7BFEFB1FD45CD6004AD929 /* Base */,
			);
			name = LaunchScreen.storyboard;
			sourceTree = "<group>";
		};
/* End PBXVariantGroup section */

/* Begin XCBuildConfiguration section */
		1D7BFF141FD45CD6004AD929 /* Debug */ = {
			isa = XCBuildConfiguration;
			buildSettings = {
				ALWAYS_SEARCH_USER_PATHS = NO;
				CLANG_ANALYZER_NONNULL = YES;
				CLANG_CXX_LANGUAGE_STANDARD = "gnu++0x";
				CLANG_CXX_LIBRARY = "libc++";
				CLANG_ENABLE_MODULES = YES;
				CLANG_ENABLE_OBJC_ARC = YES;
				CLANG_WARN_BOOL_CONVERSION = YES;
				CLANG_WARN_CONSTANT_CONVERSION = YES;
				CLANG_WARN_DIRECT_OBJC_ISA_USAGE = YES_ERROR;
				CLANG_WARN_DOCUMENTATION_COMMENTS = YES;
				CLANG_WARN_EMPTY_BODY = YES;
				CLANG_WARN_ENUM_CONVERSION = YES;
				CLANG_WARN_INFINITE_RECURSION = YES;
				CLANG_WARN_INT_CONVERSION = YES;
				CLANG_WARN_OBJC_ROOT_CLASS = YES_ERROR;
				CLANG_WARN_SUSPICIOUS_MOVE = YES;
				CLANG_WARN_UNREACHABLE_CODE = YES;
				CLANG_WARN__DUPLICATE_METHOD_MATCH = YES;
				"CODE_SIGN_IDENTITY[sdk=iphoneos*]" = "iPhone Developer";
				COPY_PHASE_STRIP = NO;
				DEBUG_INFORMATION_FORMAT = dwarf;
				ENABLE_STRICT_OBJC_MSGSEND = YES;
				ENABLE_TESTABILITY = YES;
				GCC_C_LANGUAGE_STANDARD = gnu99;
				GCC_DYNAMIC_NO_PIC = NO;
				GCC_NO_COMMON_BLOCKS = YES;
				GCC_OPTIMIZATION_LEVEL = 0;
				GCC_PREPROCESSOR_DEFINITIONS = (
					"DEBUG=1",
					"$(inherited)",
				);
				GCC_WARN_64_TO_32_BIT_CONVERSION = YES;
				GCC_WARN_ABOUT_RETURN_TYPE = YES_ERROR;
				GCC_WARN_UNDECLARED_SELECTOR = YES;
				GCC_WARN_UNINITIALIZED_AUTOS = YES_AGGRESSIVE;
				GCC_WARN_UNUSED_FUNCTION = YES;
				GCC_WARN_UNUSED_VARIABLE = YES;
				IPHONEOS_DEPLOYMENT_TARGET = 10.2;
				MTL_ENABLE_DEBUG_INFO = YES;
				ONLY_ACTIVE_ARCH = YES;
				SDKROOT = iphoneos;
				SWIFT_ACTIVE_COMPILATION_CONDITIONS = DEBUG;
				SWIFT_OPTIMIZATION_LEVEL = "-Onone";
				TARGETED_DEVICE_FAMILY = "1,2";
			};
			name = Debug;
		};
		1D7BFF151FD45CD6004AD929 /* Release */ = {
			isa = XCBuildConfiguration;
			buildSettings = {
				ALWAYS_SEARCH_USER_PATHS = NO;
				CLANG_ANALYZER_NONNULL = YES;
				CLANG_CXX_LANGUAGE_STANDARD = "gnu++0x";
				CLANG_CXX_LIBRARY = "libc++";
				CLANG_ENABLE_MODULES = YES;
				CLANG_ENABLE_OBJC_ARC = YES;
				CLANG_WARN_BOOL_CONVERSION = YES;
				CLANG_WARN_CONSTANT_CONVERSION = YES;
				CLANG_WARN_DIRECT_OBJC_ISA_USAGE = YES_ERROR;
				CLANG_WARN_DOCUMENTATION_COMMENTS = YES;
				CLANG_WARN_EMPTY_BODY = YES;
				CLANG_WARN_ENUM_CONVERSION = YES;
				CLANG_WARN_INFINITE_RECURSION = YES;
				CLANG_WARN_INT_CONVERSION = YES;
				CLANG_WARN_OBJC_ROOT_CLASS = YES_ERROR;
				CLANG_WARN_SUSPICIOUS_MOVE = YES;
				CLANG_WARN_UNREACHABLE_CODE = YES;
				CLANG_WARN__DUPLICATE_METHOD_MATCH = YES;
				"CODE_SIGN_IDENTITY[sdk=iphoneos*]" = "iPhone Developer";
				COPY_PHASE_STRIP = NO;
				DEBUG_INFORMATION_FORMAT = "dwarf-with-dsym";
				ENABLE_NS_ASSERTIONS = NO;
				ENABLE_STRICT_OBJC_MSGSEND = YES;
				GCC_C_LANGUAGE_STANDARD = gnu99;
				GCC_NO_COMMON_BLOCKS = YES;
				GCC_WARN_64_TO_32_BIT_CONVERSION = YES;
				GCC_WARN_ABOUT_RETURN_TYPE = YES_ERROR;
				GCC_WARN_UNDECLARED_SELECTOR = YES;
				GCC_WARN_UNINITIALIZED_AUTOS = YES_AGGRESSIVE;
				GCC_WARN_UNUSED_FUNCTION = YES;
				GCC_WARN_UNUSED_VARIABLE = YES;
				IPHONEOS_DEPLOYMENT_TARGET = 10.2;
				MTL_ENABLE_DEBUG_INFO = NO;
				SDKROOT = iphoneos;
				SWIFT_OPTIMIZATION_LEVEL = "-Owholemodule";
				TARGETED_DEVICE_FAMILY = "1,2";
				VALIDATE_PRODUCT = YES;
			};
			name = Release;
		};
		1D7BFF171FD45CD6004AD929 /* Debug */ = {
			isa = XCBuildConfiguration;
			buildSettings = {
				ASSETCATALOG_COMPILER_APPICON_NAME = AppIcon;
				INFOPLIST_FILE = Swift_Companion/Info.plist;
				LD_RUNPATH_SEARCH_PATHS = "$(inherited) @executable_path/Frameworks";
				PRODUCT_BUNDLE_IDENTIFIER = "vpoltave.Swift-Companion";
				PRODUCT_NAME = "$(TARGET_NAME)";
				SWIFT_VERSION = 3.0;
			};
			name = Debug;
		};
		1D7BFF181FD45CD6004AD929 /* Release */ = {
			isa = XCBuildConfiguration;
			buildSettings = {
				ASSETCATALOG_COMPILER_APPICON_NAME = AppIcon;
				INFOPLIST_FILE = Swift_Companion/Info.plist;
				LD_RUNPATH_SEARCH_PATHS = "$(inherited) @executable_path/Frameworks";
				PRODUCT_BUNDLE_IDENTIFIER = "vpoltave.Swift-Companion";
				PRODUCT_NAME = "$(TARGET_NAME)";
				SWIFT_VERSION = 3.0;
			};
			name = Release;
		};
		1D7BFF1A1FD45CD6004AD929 /* Debug */ = {
			isa = XCBuildConfiguration;
			buildSettings = {
				ALWAYS_EMBED_SWIFT_STANDARD_LIBRARIES = YES;
				BUNDLE_LOADER = "$(TEST_HOST)";
				INFOPLIST_FILE = Swift_CompanionTests/Info.plist;
				LD_RUNPATH_SEARCH_PATHS = "$(inherited) @executable_path/Frameworks @loader_path/Frameworks";
				PRODUCT_BUNDLE_IDENTIFIER = "vpoltave.Swift-CompanionTests";
				PRODUCT_NAME = "$(TARGET_NAME)";
				SWIFT_VERSION = 3.0;
				TEST_HOST = "$(BUILT_PRODUCTS_DIR)/Swift_Companion.app/Swift_Companion";
			};
			name = Debug;
		};
		1D7BFF1B1FD45CD6004AD929 /* Release */ = {
			isa = XCBuildConfiguration;
			buildSettings = {
				ALWAYS_EMBED_SWIFT_STANDARD_LIBRARIES = YES;
				BUNDLE_LOADER = "$(TEST_HOST)";
				INFOPLIST_FILE = Swift_CompanionTests/Info.plist;
				LD_RUNPATH_SEARCH_PATHS = "$(inherited) @executable_path/Frameworks @loader_path/Frameworks";
				PRODUCT_BUNDLE_IDENTIFIER = "vpoltave.Swift-CompanionTests";
				PRODUCT_NAME = "$(TARGET_NAME)";
				SWIFT_VERSION = 3.0;
				TEST_HOST = "$(BUILT_PRODUCTS_DIR)/Swift_Companion.app/Swift_Companion";
			};
			name = Release;
		};
		1D7BFF1D1FD45CD6004AD929 /* Debug */ = {
			isa = XCBuildConfiguration;
			buildSettings = {
				ALWAYS_EMBED_SWIFT_STANDARD_LIBRARIES = YES;
				INFOPLIST_FILE = Swift_CompanionUITests/Info.plist;
				LD_RUNPATH_SEARCH_PATHS = "$(inherited) @executable_path/Frameworks @loader_path/Frameworks";
				PRODUCT_BUNDLE_IDENTIFIER = "vpoltave.Swift-CompanionUITests";
				PRODUCT_NAME = "$(TARGET_NAME)";
				SWIFT_VERSION = 3.0;
				TEST_TARGET_NAME = Swift_Companion;
			};
			name = Debug;
		};
		1D7BFF1E1FD45CD6004AD929 /* Release */ = {
			isa = XCBuildConfiguration;
			buildSettings = {
				ALWAYS_EMBED_SWIFT_STANDARD_LIBRARIES = YES;
				INFOPLIST_FILE = Swift_CompanionUITests/Info.plist;
				LD_RUNPATH_SEARCH_PATHS = "$(inherited) @executable_path/Frameworks @loader_path/Frameworks";
				PRODUCT_BUNDLE_IDENTIFIER = "vpoltave.Swift-CompanionUITests";
				PRODUCT_NAME = "$(TARGET_NAME)";
				SWIFT_VERSION = 3.0;
				TEST_TARGET_NAME = Swift_Companion;
			};
			name = Release;
		};
/* End XCBuildConfiguration section */

/* Begin XCConfigurationList section */
		1D7BFEE91FD45CD5004AD929 /* Build configuration list for PBXProject "Swift_Companion" */ = {
			isa = XCConfigurationList;
			buildConfigurations = (
				1D7BFF141FD45CD6004AD929 /* Debug */,
				1D7BFF151FD45CD6004AD929 /* Release */,
			);
			defaultConfigurationIsVisible = 0;
			defaultConfigurationName = Release;
		};
		1D7BFF161FD45CD6004AD929 /* Build configuration list for PBXNativeTarget "Swift_Companion" */ = {
			isa = XCConfigurationList;
			buildConfigurations = (
				1D7BFF171FD45CD6004AD929 /* Debug */,
				1D7BFF181FD45CD6004AD929 /* Release */,
			);
			defaultConfigurationIsVisible = 0;
		};
		1D7BFF191FD45CD6004AD929 /* Build configuration list for PBXNativeTarget "Swift_CompanionTests" */ = {
			isa = XCConfigurationList;
			buildConfigurations = (
				1D7BFF1A1FD45CD6004AD929 /* Debug */,
				1D7BFF1B1FD45CD6004AD929 /* Release */,
			);
			defaultConfigurationIsVisible = 0;
		};
		1D7BFF1C1FD45CD6004AD929 /* Build configuration list for PBXNativeTarget "Swift_CompanionUITests" */ = {
			isa = XCConfigurationList;
			buildConfigurations = (
				1D7BFF1D1FD45CD6004AD929 /* Debug */,
				1D7BFF1E1FD45CD6004AD929 /* Release */,
			);
			defaultConfigurationIsVisible = 0;
		};
/* End XCConfigurationList section */
	};
	rootObject = 1D7BFEE61FD45CD5004AD929 /* Project object */;
}
